
Microsoft Visual Studio Solution File, Format Version 12.00
Project("{D954291E-2A0B-460D-934E-DC6B0785DB48}") = "MGLib", "MGLib\MGLib.shproj", "{A0CDBD0E-3A41-42B7-9425-A838BC2C7383}"
EndProject
Project("{FAE04EC0-301F-11D3-BF4B-00C04F79EFBC}") = "LD49ogl", "LD49ogl\LD49ogl.csproj", "{04405744-82E9-42C2-86BB-266351E3F391}"
EndProject
Project("{FAE04EC0-301F-11D3-BF4B-00C04F79EFBC}") = "TilerOGL", "TilerOGL\TilerOGL.csproj", "{F53FD60C-770B-4A8B-8DCD-0C6604B4CADD}"
EndProject
Global
	GlobalSection(SolutionConfigurationPlatforms) = preSolution
		Debug|Any CPU = Debug|Any CPU
		Release|Any CPU = Release|Any CPU
	EndGlobalSection
	GlobalSection(ProjectConfigurationPlatforms) = postSolution
		{04405744-82E9-42C2-86BB-266351E3F391}.Debug|Any CPU.ActiveCfg = Debug|Any CPU
		{04405744-82E9-42C2-86BB-266351E3F391}.Debug|Any CPU.Build.0 = Debug|Any CPU
		{04405744-82E9-42C2-86BB-266351E3F391}.Release|Any CPU.ActiveCfg = Release|Any CPU
		{04405744-82E9-42C2-86BB-266351E3F391}.Release|Any CPU.Build.0 = Release|Any CPU
		{F53FD60C-770B-4A8B-8DCD-0C6604B4CADD}.Debug|Any CPU.ActiveCfg = Debug|Any CPU
		{F53FD60C-770B-4A8B-8DCD-0C6604B4CADD}.Debug|Any CPU.Build.0 = Debug|Any CPU
		{F53FD60C-770B-4A8B-8DCD-0C6604B4CADD}.Release|Any CPU.ActiveCfg = Release|Any CPU
		{F53FD60C-770B-4A8B-8DCD-0C6604B4CADD}.Release|Any CPU.Build.0 = Release|Any CPU
	EndGlobalSection
EndGlobal
